{
  "originHash" : "0226bc5b57bdc8c703e0c2be6f5aae21dea7a997a81654b5636f8d9c98f72a42",
  "pins" : [
    {
      "identity" : "wallet-core",
      "kind" : "remoteSourceControl",
      "location" : "https://github.com/trustwallet/wallet-core",
      "state" : {
        "revision" : "385185ddf9b896c32f5e55b1199795b0edf05223",
        "version" : "4.3.6"
      }
    }
  ],
  "version" : 3
}
