{
  "originHash" : "5fd78bd9e090f17af41290eabc1d4cd3770dfc0bd1a568e99576427443859252",
  "pins" : [
    {
      "identity" : "bigint",
      "kind" : "remoteSourceControl",
      "location" : "https://github.com/attaswift/BigInt.git",
      "state" : {
        "revision" : "793a7fac0bfc318e85994bf6900652e827aef33e",
        "version" : "5.4.1"
      }
    },
    {
      "identity" : "cryptoswift",
      "kind" : "remoteSourceControl",
      "location" : "https://github.com/krzyzanowskim/CryptoSwift.git",
      "state" : {
        "revision" : "e45a26384239e028ec87fbcc788f513b67e10d8f",
        "version" : "1.9.0"
      }
    },
    {
      "identity" : "marqueelabel",
      "kind" : "remoteSourceControl",
      "location" : "https://github.com/cbpowell/MarqueeLabel",
      "state" : {
        "revision" : "877e810534cda9afabb8143ae319b7c3341b121b",
        "version" : "4.5.0"
      }
    },
    {
      "identity" : "notificationbanner",
      "kind" : "remoteSourceControl",
      "location" : "https://github.com/Daltron/NotificationBanner",
      "state" : {
        "revision" : "be52806c3b95f9210955a8a94259d40f8a9e928d",
        "version" : "4.0.0"
      }
    },
    {
      "identity" : "secp256k1.swift",
      "kind" : "remoteSourceControl",
      "location" : "https://github.com/GigaBitcoin/secp256k1.swift",
      "state" : {
        "revision" : "48fb20fce4ca3aad89180448a127d5bc16f0e44c",
        "version" : "0.10.0"
      }
    },
    {
      "identity" : "snapkit",
      "kind" : "remoteSourceControl",
      "location" : "https://github.com/SnapKit/SnapKit",
      "state" : {
        "revision" : "2842e6e84e82eb9a8dac0100ca90d9444b0307f4",
        "version" : "5.7.1"
      }
    },
    {
      "identity" : "web3swift",
      "kind" : "remoteSourceControl",
      "location" : "https://github.com/skywinder/web3swift.git",
      "state" : {
        "revision" : "119d179305788687e80083671698b3f08c970e7f",
        "version" : "3.3.0"
      }
    }
  ],
  "version" : 3
}
